
Microsoft Visual Studio Solution File, Format Version 12.00
# Visual Studio 2013
VisualStudioVersion = 12.0.31101.0
MinimumVisualStudioVersion = 10.0.40219.1
Project("{FAE04EC0-301F-11D3-BF4B-00C04F79EFBC}") = "APP", "APP\APP.csproj", "{8D92152F-9259-4C3F-ADFB-00E02503559A}"
EndProject
Project("{FAE04EC0-301F-11D3-BF4B-00C04F79EFBC}") = "Interfaces", "Interfaces\Interfaces.csproj", "{2B762B66-91B0-4CBF-BD9D-CE55B4B3ABFA}"
EndProject
Project("{FAE04EC0-301F-11D3-BF4B-00C04F79EFBC}") = "Services", "Services\Services.csproj", "{42C6D49D-F853-4BB6-A5E0-7C47CDDA92B7}"
EndProject
Project("{FAE04EC0-301F-11D3-BF4B-00C04F79EFBC}") = "Repositories", "Repository\Repositories.csproj", "{2B13363C-685B-4081-A257-77B42B08F9A9}"
EndProject
Project("{FAE04EC0-301F-11D3-BF4B-00C04F79EFBC}") = "Entity", "Entity\Entity.csproj", "{BFDEAC2B-7A57-493A-B8C0-BC6D276A62FE}"
EndProject
Global
	GlobalSection(SolutionConfigurationPlatforms) = preSolution
		Debug|Any CPU = Debug|Any CPU
		Release|Any CPU = Release|Any CPU
	EndGlobalSection
	GlobalSection(ProjectConfigurationPlatforms) = postSolution
		{8D92152F-9259-4C3F-ADFB-00E02503559A}.Debug|Any CPU.ActiveCfg = Debug|Any CPU
		{8D92152F-9259-4C3F-ADFB-00E02503559A}.Debug|Any CPU.Build.0 = Debug|Any CPU
		{8D92152F-9259-4C3F-ADFB-00E02503559A}.Release|Any CPU.ActiveCfg = Release|Any CPU
		{8D92152F-9259-4C3F-ADFB-00E02503559A}.Release|Any CPU.Build.0 = Release|Any CPU
		{2B762B66-91B0-4CBF-BD9D-CE55B4B3ABFA}.Debug|Any CPU.ActiveCfg = Debug|Any CPU
		{2B762B66-91B0-4CBF-BD9D-CE55B4B3ABFA}.Debug|Any CPU.Build.0 = Debug|Any CPU
		{2B762B66-91B0-4CBF-BD9D-CE55B4B3ABFA}.Release|Any CPU.ActiveCfg = Release|Any CPU
		{2B762B66-91B0-4CBF-BD9D-CE55B4B3ABFA}.Release|Any CPU.Build.0 = Release|Any CPU
		{42C6D49D-F853-4BB6-A5E0-7C47CDDA92B7}.Debug|Any CPU.ActiveCfg = Debug|Any CPU
		{42C6D49D-F853-4BB6-A5E0-7C47CDDA92B7}.Debug|Any CPU.Build.0 = Debug|Any CPU
		{42C6D49D-F853-4BB6-A5E0-7C47CDDA92B7}.Release|Any CPU.ActiveCfg = Release|Any CPU
		{42C6D49D-F853-4BB6-A5E0-7C47CDDA92B7}.Release|Any CPU.Build.0 = Release|Any CPU
		{2B13363C-685B-4081-A257-77B42B08F9A9}.Debug|Any CPU.ActiveCfg = Debug|Any CPU
		{2B13363C-685B-4081-A257-77B42B08F9A9}.Debug|Any CPU.Build.0 = Debug|Any CPU
		{2B13363C-685B-4081-A257-77B42B08F9A9}.Release|Any CPU.ActiveCfg = Release|Any CPU
		{2B13363C-685B-4081-A257-77B42B08F9A9}.Release|Any CPU.Build.0 = Release|Any CPU
		{BFDEAC2B-7A57-493A-B8C0-BC6D276A62FE}.Debug|Any CPU.ActiveCfg = Debug|Any CPU
		{BFDEAC2B-7A57-493A-B8C0-BC6D276A62FE}.Debug|Any CPU.Build.0 = Debug|Any CPU
		{BFDEAC2B-7A57-493A-B8C0-BC6D276A62FE}.Release|Any CPU.ActiveCfg = Release|Any CPU
		{BFDEAC2B-7A57-493A-B8C0-BC6D276A62FE}.Release|Any CPU.Build.0 = Release|Any CPU
	EndGlobalSection
	GlobalSection(SolutionProperties) = preSolution
		HideSolutionNode = FALSE
	EndGlobalSection
EndGlobal
